
Microsoft Visual Studio Solution File, Format Version 12.00
# Visual Studio Version 16
VisualStudioVersion = 16.0.31613.86
MinimumVisualStudioVersion = 10.0.40219.1
Project("{FAE04EC0-301F-11D3-BF4B-00C04F79EFBC}") = "tallerazure.Common", "tallerazure.Common\tallerazure.Common.csproj", "{E693A26C-F09F-4A11-9EFA-8E054894B333}"
EndProject
Project("{FAE04EC0-301F-11D3-BF4B-00C04F79EFBC}") = "tallerazure.Functions", "tallerazure.Functions\tallerazure.Functions.csproj", "{6BE7218A-66D2-458E-B7BD-2841BFDB1C37}"
EndProject
Project("{FAE04EC0-301F-11D3-BF4B-00C04F79EFBC}") = "tallerazure.Test", "tallerazure.Test\tallerazure.Test.csproj", "{A2DADD7B-C13B-483A-AC18-B97A821AD1B1}"
EndProject
Global
	GlobalSection(SolutionConfigurationPlatforms) = preSolution
		Debug|Any CPU = Debug|Any CPU
		Release|Any CPU = Release|Any CPU
	EndGlobalSection
	GlobalSection(ProjectConfigurationPlatforms) = postSolution
		{E693A26C-F09F-4A11-9EFA-8E054894B333}.Debug|Any CPU.ActiveCfg = Debug|Any CPU
		{E693A26C-F09F-4A11-9EFA-8E054894B333}.Debug|Any CPU.Build.0 = Debug|Any CPU
		{E693A26C-F09F-4A11-9EFA-8E054894B333}.Release|Any CPU.ActiveCfg = Release|Any CPU
		{E693A26C-F09F-4A11-9EFA-8E054894B333}.Release|Any CPU.Build.0 = Release|Any CPU
		{6BE7218A-66D2-458E-B7BD-2841BFDB1C37}.Debug|Any CPU.ActiveCfg = Debug|Any CPU
		{6BE7218A-66D2-458E-B7BD-2841BFDB1C37}.Debug|Any CPU.Build.0 = Debug|Any CPU
		{6BE7218A-66D2-458E-B7BD-2841BFDB1C37}.Release|Any CPU.ActiveCfg = Release|Any CPU
		{6BE7218A-66D2-458E-B7BD-2841BFDB1C37}.Release|Any CPU.Build.0 = Release|Any CPU
		{A2DADD7B-C13B-483A-AC18-B97A821AD1B1}.Debug|Any CPU.ActiveCfg = Debug|Any CPU
		{A2DADD7B-C13B-483A-AC18-B97A821AD1B1}.Debug|Any CPU.Build.0 = Debug|Any CPU
		{A2DADD7B-C13B-483A-AC18-B97A821AD1B1}.Release|Any CPU.ActiveCfg = Release|Any CPU
		{A2DADD7B-C13B-483A-AC18-B97A821AD1B1}.Release|Any CPU.Build.0 = Release|Any CPU
	EndGlobalSection
	GlobalSection(SolutionProperties) = preSolution
		HideSolutionNode = FALSE
	EndGlobalSection
	GlobalSection(ExtensibilityGlobals) = postSolution
		SolutionGuid = {67868DA9-7E87-4D89-BA6B-6244533273F5}
	EndGlobalSection
EndGlobal
